{
  "name": "chironjp",
  "version": "0.1.0",
  "lockfileVersion": 3,
  "requires": true,
  "packages": {
    "": {
      "name": "chironjp",
      "version": "0.1.0",
      "license": "MIT",
      "bin": {
        "chironjp-sourcing": "bin/chironjp-sourcing.mjs"
      },
      "engines": {
        "node": ">=20"
      }
    }
  }
}
